{
  "lockfileVersion": 1,
  "configVersion": 1,
  "workspaces": {
    "": {
      "name": "bun-react-template",
      "dependencies": {
        "@radix-ui/react-label": "^2.1.7",
        "@radix-ui/react-select": "^2.2.6",
        "@radix-ui/react-slot": "^1.2.3",
        "@supabase/ssr": "^0.12.7",
        "@supabase/supabase-js": "^2.117.3",
        "bun-plugin-tailwind": "^0.1.2",
        "class-variance-authority": "^0.7.1",
        "clsx": "^2.1.1",
        "dotenv": "^18.0.6",
        "lucide-react": "^0.545.0",
        "react": "^19",
        "react-dom": "^19",
        "react-router": "^8.4.0",
        "tailwind-merge": "^3.3.1",
      },
      "devDependencies": {
        "@types/bun": "latest",
        "@types/react": "^19",
        "@types/react-dom": "^19",
        "tailwindcss": "^4.1.11",
        "tw-animate-css": "^1.4.0",
      },
    },
  },
  "packages": {
    "@floating-ui/core": ["@floating-ui/core@1.8.0", "", { "dependencies": { "@floating-ui/utils": "^0.2.12" } }, "sha512-0CIZ5itps/8x7BG8dEIhs53BvCUH2PCoogtakwRTut+Arm58sJooJ0AuZhLw2HJYIR5cMLNPBSS728sPho2khQ=="],

    "@floating-ui/dom": ["@floating-ui/dom@1.8.0", "", { "dependencies": { "@floating-ui/core": "^1.8.0", "@floating-ui/utils": "^0.2.12" } }, "sha512-yXSrzeHZBTZadLOlfyhCkJHNeLJnHRnRInwdZ40L7ZiaAtrBwoYlsDrX3v5zB1Utk7CLfzcOVnVVWoXEky7Ceg=="],

    "@floating-ui/react-dom": ["@floating-ui/react-dom@2.1.9", "", { "dependencies": { "@floating-ui/dom": "^1.8.0" }, "peerDependencies": { "react": ">=16.8.0", "react-dom": ">=16.8.0" } }, "sha512-JDjEFGCpImxDCA7JJKviA0M9+RtmJdj0m/NVU5IMgBK+AmZouAQQ7/+2GLH0GXXY0YMw9oXPB8hKdbPYg5QLYg=="],

    "@floating-ui/utils": ["@floating-ui/utils@0.2.12", "", {}, "sha512-HpCo8tmWzLVad5s2d19EhAz5zqrrQ6s69qd6moPMQvkOuSwDT1YgRfWSVuc4ennqrgv3OHppiOGMQ7oC13yIww=="],

    "@oven/bun-darwin-aarch64": ["@oven/bun-darwin-aarch64@1.4.2", "", { "os": "darwin", "cpu": "arm64" }, "sha512-MXdZkP1featqxZ+/VTXWG1BVjM4OGBehVY2Q88EeUj/7L0UMeCGItmyPYTN+wxvlGJ6F66JEtzsw+GvQWewnag=="],

    "@oven/bun-darwin-x64": ["@oven/bun-darwin-x64@1.4.2", "", { "os": "darwin", "cpu": "x64" }, "sha512-gZTxZuLjkUhAWjTETu3tw0WhsEdNkJ64daj60ybhPf835a2yollV3yTkK9JozvzKPx4TRFzLSl8C+U525pxVbw=="],

    "@oven/bun-freebsd-aarch64": ["@oven/bun-freebsd-aarch64@1.4.2", "", { "os": "freebsd", "cpu": "arm64" }, "sha512-SMNItMw1Z8QeeQVKnw8jA7xQNkeXdP+OPgin4Wi/QTx/B8RHHLnuZfqmFy7NtVeT2NF0kKYppW4WWd2CCYZjhQ=="],

    "@oven/bun-freebsd-x64": ["@oven/bun-freebsd-x64@1.4.2", "", { "os": "freebsd", "cpu": "x64" }, "sha512-THbPKXhO54N0DpFRKZNDZpQ7dpbX0bWASuARckAUS9wRtFIHsiY+uULXJvxJGo2YD1YewvXQ4G8Fj7XT5oBCiw=="],

    "@oven/bun-linux-aarch64": ["@oven/bun-linux-aarch64@1.4.2", "", { "os": "linux", "cpu": "arm64" }, "sha512-3BBP9ovJ2RGHFH6Ae1CAtxNtG1+YY6GD6rmYbsUosoAk9+OEl6zeDQ/k4fBkc6dYOJCtWnx8hUxzNzQATSmvYQ=="],

    "@oven/bun-linux-aarch64-android": ["@oven/bun-linux-aarch64-android@1.4.2", "", { "os": "android", "cpu": "arm64" }, "sha512-3mZKO2rhsNgbAUtAHC1UKUlF2zTxFraDZT/Elv8wzyH0fJL9h+Iv3TgB9lO63w89PRn3eFe+NRA1bhVgikKNPQ=="],

    "@oven/bun-linux-aarch64-musl": ["@oven/bun-linux-aarch64-musl@1.4.2", "", { "os": "linux", "cpu": "arm64" }, "sha512-+Sm6y+lSiSFBOtXmnekp5Q6n1tUKlyv71FCPWBc61Cgb14T5eBs8SN/nh4MUCOKzONkI3O+as3MGUgikS4aCBQ=="],

    "@oven/bun-linux-x64": ["@oven/bun-linux-x64@1.4.2", "", { "os": "linux", "cpu": "x64" }, "sha512-9/E/UXOTpSo3YsV5g+FhtTd/qTpiWoKuxS12cqtuYA1ssu9fRAoPQnipFgGyck3tWO63iUdxBiygq+kELFawng=="],

    "@oven/bun-linux-x64-android": ["@oven/bun-linux-x64-android@1.4.2", "", { "os": "android", "cpu": "x64" }, "sha512-6HC5tzcC79113n2IHCTJMWv+HsQImv4ZFEK2XpYLxY6HbT8tM4cUM2Zv1bHZBQsS3jv/zYBamDJ1UX7If0d5tw=="],

    "@oven/bun-linux-x64-musl": ["@oven/bun-linux-x64-musl@1.4.2", "", { "os": "linux", "cpu": "x64" }, "sha512-vVTKUg1bnPhRP/Hp73jIVoFh2vPFNYEqYX0ERKfZBOQEEHitNAeukZzzuUDZS0SoDCIpuWUGSpd/CDMbjdR+Uw=="],

    "@oven/bun-windows-aarch64": ["@oven/bun-windows-aarch64@1.4.2", "", { "os": "win32", "cpu": "arm64" }, "sha512-8EJ1ST7339WJE3poPW5nBgVW/lWf9HBz4W27ZUNhburKmcBLOByPyE6DP9fHD8FQGm5c+ilUN2hX1mrW0jxq9Q=="],

    "@oven/bun-windows-x64": ["@oven/bun-windows-x64@1.4.2", "", { "os": "win32", "cpu": "x64" }, "sha512-+bN6OuVld/9diT/RLSXSW7JE6CvNE3gL9XsAEjULi1nUsXd6DNO6GuA9jNdNb3r8PdJFnYHr5aypNV1Oj3Rd9g=="],

    "@radix-ui/number": ["@radix-ui/number@1.1.3", "", {}, "sha512-Road2bidD0uu/1BGDOWNdPI06g0lIRy6IF9GZcIrDK2KGItfor8IQwQa+yM2ERgHM1MmHxaxpTzk0/Jp42lNfA=="],

    "@radix-ui/primitive": ["@radix-ui/primitive@1.1.7", "", {}, "sha512-rqWnm76nYT8HoNNqEjpgJ7Pw/DrBj5iBTrmEPo6HTX5+VJyBNOqTdv4g89G63HuR5g0AaENoAcH7Is5fF2kZ8Q=="],

    "@radix-ui/react-arrow": ["@radix-ui/react-arrow@1.1.16", "", { "dependencies": { "@radix-ui/react-primitive": "2.1.11" }, "peerDependencies": { "@types/react": "*", "@types/react-dom": "*", "react": "^16.8 || ^17.0 || ^18.0 || ^19.0 || ^19.0.0-rc", "react-dom": "^16.8 || ^17.0 || ^18.0 || ^19.0 || ^19.0.0-rc" }, "optionalPeers": ["@types/react", "@types/react-dom"] }, "sha512-nXPI1tzJsnQw8oXvB2r49rO9TIbbJ8VFeaWDiBsqY8+iwO5xb7WjUsrXDagjAgPKTdhW8WODQnAltUhBx8I+sg=="],

    "@radix-ui/react-collection": ["@radix-ui/react-collection@1.1.16", "", { "dependencies": { "@radix-ui/react-compose-refs": "1.1.5", "@radix-ui/react-context": "1.2.2", "@radix-ui/react-primitive": "2.1.11", "@radix-ui/react-slot": "1.4.0" }, "peerDependencies": { "@types/react": "*", "@types/react-dom": "*", "react": "^16.8 || ^17.0 || ^18.0 || ^19.0 || ^19.0.0-rc", "react-dom": "^16.8 || ^17.0 || ^18.0 || ^19.0 || ^19.0.0-rc" }, "optionalPeers": ["@types/react", "@types/react-dom"] }, "sha512-yEQrjfI5eBbeYEJXOASpm+gs9eNHY8+UjkZ81GzcuwdLrSMOlEM8jnGoGdeGo92oiBMkuwZUhHTsnsrDiJLcyA=="],

    "@radix-ui/react-compose-refs": ["@radix-ui/react-compose-refs@1.1.5", "", { "peerDependencies": { "@types/react": "*", "react": "^16.8 || ^17.0 || ^18.0 || ^19.0 || ^19.0.0-rc" }, "optionalPeers": ["@types/react"] }, "sha512-+48PbAAbq3didjJxa+OaWY2ZwgAKsNiRGyeHKszblZMQ+kcpd9pAaT11cMkGEie0vsOi3QdeTE6d5Fe3Gn61kA=="],

    "@radix-ui/react-context": ["@radix-ui/react-context@1.2.2", "", { "peerDependencies": { "@types/react": "*", "react": "^16.8 || ^17.0 || ^18.0 || ^19.0 || ^19.0.0-rc" }, "optionalPeers": ["@types/react"] }, "sha512-RHCUGwKHDr0hDGg4X7ma4JG4/+12qxw8rkh5QKdDldlCvtja6nUx1Ef/8HVrJze81lEsgLQlqjzjGNHantgnQA=="],

    "@radix-ui/react-direction": ["@radix-ui/react-direction@1.1.5", "", { "peerDependencies": { "@types/react": "*", "react": "^16.8 || ^17.0 || ^18.0 || ^19.0 || ^19.0.0-rc" }, "optionalPeers": ["@types/react"] }, "sha512-/NlO/rOqQabmg+GGr86vCmbJVhqTv85NfM9g6Gknf/JVygXeZ6e6HM/RW1omerW9HsFtecwNqgEAKV6UqDsvpA=="],

    "@radix-ui/react-dismissable-layer": ["@radix-ui/react-dismissable-layer@1.1.20", "", { "dependencies": { "@radix-ui/primitive": "1.1.7", "@radix-ui/react-compose-refs": "1.1.5", "@radix-ui/react-primitive": "2.1.11", "@radix-ui/react-use-callback-ref": "1.1.4", "@radix-ui/react-use-effect-event": "0.0.5" }, "peerDependencies": { "@types/react": "*", "@types/react-dom": "*", "react": "^16.8 || ^17.0 || ^18.0 || ^19.0 || ^19.0.0-rc", "react-dom": "^16.8 || ^17.0 || ^18.0 || ^19.0 || ^19.0.0-rc" }, "optionalPeers": ["@types/react", "@types/react-dom"] }, "sha512-35WHRrycfnj2m4LvPiKMKHGLM3Y2WvUA744CkRdxjs1BGDX1c8PVMfmiSGTUwnHRbqdtIoxveYTXvcJSt7VfgQ=="],

    "@radix-ui/react-focus-guards": ["@radix-ui/react-focus-guards@1.1.6", "", { "peerDependencies": { "@types/react": "*", "react": "^16.8 || ^17.0 || ^18.0 || ^19.0 || ^19.0.0-rc" }, "optionalPeers": ["@types/react"] }, "sha512-RNOJjfZMTyBM6xYmV3IVGXkPjIhcBAuv48POevAXwrGJhkWZ9p1rFoIS1JFooPuT193AZmRsCPhpoVJxx6OPoQ=="],

    "@radix-ui/react-focus-scope": ["@radix-ui/react-focus-scope@1.2.0", "", { "dependencies": { "@radix-ui/react-compose-refs": "1.1.5", "@radix-ui/react-primitive": "2.1.11", "@radix-ui/react-use-callback-ref": "1.1.4" }, "peerDependencies": { "@types/react": "*", "@types/react-dom": "*", "react": "^16.8 || ^17.0 || ^18.0 || ^19.0 || ^19.0.0-rc", "react-dom": "^16.8 || ^17.0 || ^18.0 || ^19.0 || ^19.0.0-rc" }, "optionalPeers": ["@types/react", "@types/react-dom"] }, "sha512-I5S7vsAOozx2lWSBAyuXjWIJ/A8qx4fjbv6115WoaRYQSb1yZDaeNHonUAQzXyE8oD+0whJHbQRl4HIE2gQ0Xw=="],

    "@radix-ui/react-id": ["@radix-ui/react-id@1.1.4", "", { "dependencies": { "@radix-ui/react-use-layout-effect": "1.1.4" }, "peerDependencies": { "@types/react": "*", "react": "^16.8 || ^17.0 || ^18.0 || ^19.0 || ^19.0.0-rc" }, "optionalPeers": ["@types/react"] }, "sha512-TMQp2llA+RYn7JcjnrMnz7wN4pcVttPZnRZo52PLQsoLVKzNlVwUeHmfePgTgRluXFvlD3GD5g5MOVVTJCO0qA=="],

    "@radix-ui/react-label": ["@radix-ui/react-label@2.1.16", "", { "dependencies": { "@radix-ui/react-primitive": "2.1.11" }, "peerDependencies": { "@types/react": "*", "@types/react-dom": "*", "react": "^16.8 || ^17.0 || ^18.0 || ^19.0 || ^19.0.0-rc", "react-dom": "^16.8 || ^17.0 || ^18.0 || ^19.0 || ^19.0.0-rc" }, "optionalPeers": ["@types/react", "@types/react-dom"] }, "sha512-2vTQj72YFmeoTxWKJEMbO/9uQt6zzLgbzi0+nWBffq49oo6KhIDP/D+fA2im0wsxBCAX7QfaF3xgsYBVdDbNFQ=="],

    "@radix-ui/react-popper": ["@radix-ui/react-popper@1.3.8", "", { "dependencies": { "@floating-ui/react-dom": "^2.0.0", "@radix-ui/react-arrow": "1.1.16", "@radix-ui/react-compose-refs": "1.1.5", "@radix-ui/react-context": "1.2.2", "@radix-ui/react-primitive": "2.1.11", "@radix-ui/react-use-callback-ref": "1.1.4", "@radix-ui/react-use-layout-effect": "1.1.4", "@radix-ui/react-use-rect": "1.1.4", "@radix-ui/react-use-size": "1.1.5", "@radix-ui/rect": "1.1.3" }, "peerDependencies": { "@types/react": "*", "@types/react-dom": "*", "react": "^16.8 || ^17.0 || ^18.0 || ^19.0 || ^19.0.0-rc", "react-dom": "^16.8 || ^17.0 || ^18.0 || ^19.0 || ^19.0.0-rc" }, "optionalPeers": ["@types/react", "@types/react-dom"] }, "sha512-y92/9iIdG1FyNvow0Y0qP5WJZ7oRTAKDVKCy9kJnhZfItwIKYtt0KKQeOhBKfXz0ETizduKwDRbrQHrTQScs5A=="],

    "@radix-ui/react-portal": ["@radix-ui/react-portal@1.1.18", "", { "dependencies": { "@radix-ui/react-primitive": "2.1.11", "@radix-ui/react-use-layout-effect": "1.1.4" }, "peerDependencies": { "@types/react": "*", "@types/react-dom": "*", "react": "^16.8 || ^17.0 || ^18.0 || ^19.0 || ^19.0.0-rc", "react-dom": "^16.8 || ^17.0 || ^18.0 || ^19.0 || ^19.0.0-rc" }, "optionalPeers": ["@types/react", "@types/react-dom"] }, "sha512-ygFIJ+QXNKf72AAq8x3hd22+ws7pYpmc1S0E4kW0Je+qD4qEb3FvxeKVQRGrVDMOkQaYfsB+Qs+KDh81a1gAOw=="],

    "@radix-ui/react-presence": ["@radix-ui/react-presence@1.1.11", "", { "dependencies": { "@radix-ui/react-use-layout-effect": "1.1.4" }, "peerDependencies": { "@types/react": "*", "@types/react-dom": "*", "react": "^16.8 || ^17.0 || ^18.0 || ^19.0 || ^19.0.0-rc", "react-dom": "^16.8 || ^17.0 || ^18.0 || ^19.0 || ^19.0.0-rc" }, "optionalPeers": ["@types/react", "@types/react-dom"] }, "sha512-Z7/atlkab36Z8hm+V8zYc79r0W+tiOB1o0tun1By94JyadkekLQmtEAnBSP9XKXBNQsStoStS4+gX10JpS5akA=="],

    "@radix-ui/react-primitive": ["@radix-ui/react-primitive@2.1.11", "", { "dependencies": { "@radix-ui/react-slot": "1.4.0" }, "peerDependencies": { "@types/react": "*", "@types/react-dom": "*", "react": "^16.8 || ^17.0 || ^18.0 || ^19.0 || ^19.0.0-rc", "react-dom": "^16.8 || ^17.0 || ^18.0 || ^19.0 || ^19.0.0-rc" }, "optionalPeers": ["@types/react", "@types/react-dom"] }, "sha512-RzcaSw5aKl0OPhBJ1wbolKSF6nVvN+0o/QLeIVq+09npiPdnCkPggy2k6gI6yetxl4ZyrlBPYFgCB8BQJZwXcQ=="],

    "@radix-ui/react-select": ["@radix-ui/react-select@2.3.8", "", { "dependencies": { "@radix-ui/number": "1.1.3", "@radix-ui/primitive": "1.1.7", "@radix-ui/react-collection": "1.1.16", "@radix-ui/react-compose-refs": "1.1.5", "@radix-ui/react-context": "1.2.2", "@radix-ui/react-direction": "1.1.5", "@radix-ui/react-dismissable-layer": "1.1.20", "@radix-ui/react-focus-guards": "1.1.6", "@radix-ui/react-focus-scope": "1.2.0", "@radix-ui/react-id": "1.1.4", "@radix-ui/react-popper": "1.3.8", "@radix-ui/react-portal": "1.1.18", "@radix-ui/react-presence": "1.1.11", "@radix-ui/react-primitive": "2.1.11", "@radix-ui/react-slot": "1.4.0", "@radix-ui/react-use-callback-ref": "1.1.4", "@radix-ui/react-use-controllable-state": "1.2.6", "@radix-ui/react-use-layout-effect": "1.1.4", "@radix-ui/react-use-previous": "1.1.4", "@radix-ui/react-visually-hidden": "1.2.12", "aria-hidden": "^1.2.4", "react-remove-scroll": "^2.7.2" }, "peerDependencies": { "@types/react": "*", "@types/react-dom": "*", "react": "^16.8 || ^17.0 || ^18.0 || ^19.0 || ^19.0.0-rc", "react-dom": "^16.8 || ^17.0 || ^18.0 || ^19.0 || ^19.0.0-rc" }, "optionalPeers": ["@types/react", "@types/react-dom"] }, "sha512-Tz9xOpV9Rbca5WTk7pzmfAECV3zb++uScT9mP3Px7ziAhH7SlK53b0uwMw8VubPhRK4x7uDKCy5fwevT8I0fAg=="],

    "@radix-ui/react-slot": ["@radix-ui/react-slot@1.4.0", "", { "dependencies": { "@radix-ui/react-compose-refs": "1.1.5" }, "peerDependencies": { "@types/react": "*", "react": "^16.8 || ^17.0 || ^18.0 || ^19.0 || ^19.0.0-rc" }, "optionalPeers": ["@types/react"] }, "sha512-IuMVHZ+Ah5fkctu3X3qeFrV/ZrBcuWuDTFUUPfS/L5hvoTjzhp/HdWGE14CsQombPdEidsa33HVlYZXi49PZ1Q=="],

    "@radix-ui/react-use-callback-ref": ["@radix-ui/react-use-callback-ref@1.1.4", "", { "peerDependencies": { "@types/react": "*", "react": "^16.8 || ^17.0 || ^18.0 || ^19.0 || ^19.0.0-rc" }, "optionalPeers": ["@types/react"] }, "sha512-R6OUY2e2fA6Yn6s+VSx5KBV6Nx8LQEhu+cz7LCej18rQ1HLyg9PSC9jP/ZNx0o6FAIK9c0F1kHylzSxKsdlkrQ=="],

    "@radix-ui/react-use-controllable-state": ["@radix-ui/react-use-controllable-state@1.2.6", "", { "dependencies": { "@radix-ui/primitive": "1.1.7", "@radix-ui/react-use-effect-event": "0.0.5", "@radix-ui/react-use-layout-effect": "1.1.4" }, "peerDependencies": { "@types/react": "*", "react": "^16.8 || ^17.0 || ^18.0 || ^19.0 || ^19.0.0-rc" }, "optionalPeers": ["@types/react"] }, "sha512-uEQJGT97ZA/TgP/Hydw47lHu+/vQj6z/0jA+WeTbK1o9Rx45GImjpD0tc3W5ad3D6XTSR6e1yEO0FvGq6WQfVQ=="],

    "@radix-ui/react-use-effect-event": ["@radix-ui/react-use-effect-event@0.0.5", "", { "dependencies": { "@radix-ui/react-use-layout-effect": "1.1.4" }, "peerDependencies": { "@types/react": "*", "react": "^16.8 || ^17.0 || ^18.0 || ^19.0 || ^19.0.0-rc" }, "optionalPeers": ["@types/react"] }, "sha512-7cshFL8HGS/7HEiHH+9kL9HBwp2sa9yX18Knwek6KYWmXwM7pegMgta2AXMQKI+rq3JnfSj9x8wYqFMTdG1Jgg=="],

    "@radix-ui/react-use-layout-effect": ["@radix-ui/react-use-layout-effect@1.1.4", "", { "peerDependencies": { "@types/react": "*", "react": "^16.8 || ^17.0 || ^18.0 || ^19.0 || ^19.0.0-rc" }, "optionalPeers": ["@types/react"] }, "sha512-K20DkRkUwDnxEYMBPcg3Y6voLkEy5p5QQmszZgLngKKiC7dzBR/aEuK3w1qlx2JWDUNH6FluahYdgR3BP+QbYw=="],

    "@radix-ui/react-use-previous": ["@radix-ui/react-use-previous@1.1.4", "", { "peerDependencies": { "@types/react": "*", "react": "^16.8 || ^17.0 || ^18.0 || ^19.0 || ^19.0.0-rc" }, "optionalPeers": ["@types/react"] }, "sha512-XoSLhbRbqxFtgJoi2fNHA3C6pDlY34x508vUpUGoFZfvePfHXHbE1lC4FYFMnJWgiCRroSTw6fOsXQoVS9RwZg=="],

    "@radix-ui/react-use-rect": ["@radix-ui/react-use-rect@1.1.4", "", { "dependencies": { "@radix-ui/rect": "1.1.3" }, "peerDependencies": { "@types/react": "*", "react": "^16.8 || ^17.0 || ^18.0 || ^19.0 || ^19.0.0-rc" }, "optionalPeers": ["@types/react"] }, "sha512-cSOCh6JlkmfjLyNcLiu2nB4v+nm+dkZ+Q5KHWk/soo4U7ZLiEQFKHK9/YmtBHjfCEaU43IBKQOc4/uJmCaiCTQ=="],

    "@radix-ui/react-use-size": ["@radix-ui/react-use-size@1.1.5", "", { "dependencies": { "@radix-ui/react-use-layout-effect": "1.1.4" }, "peerDependencies": { "@types/react": "*", "react": "^16.8 || ^17.0 || ^18.0 || ^19.0 || ^19.0.0-rc" }, "optionalPeers": ["@types/react"] }, "sha512-V1McDQkMGzgivwqdu7u96APs7oi0Jvj9LTzgq3WWrDZqxWdAqU9yZnZQqk5OizGFR8badUQwZsrlao7MOlWYOA=="],

    "@radix-ui/react-visually-hidden": ["@radix-ui/react-visually-hidden@1.2.12", "", { "dependencies": { "@radix-ui/react-primitive": "2.1.11" }, "peerDependencies": { "@types/react": "*", "@types/react-dom": "*", "react": "^16.8 || ^17.0 || ^18.0 || ^19.0 || ^19.0.0-rc", "react-dom": "^16.8 || ^17.0 || ^18.0 || ^19.0 || ^19.0.0-rc" }, "optionalPeers": ["@types/react", "@types/react-dom"] }, "sha512-/iPLVHRBzKWvekN+5xaDmXw80f+nleYYceomVORrGjuJe0LF2SCbSH4f/LG4hu32q92QSuPZx4hmSACYBVBfzQ=="],

    "@radix-ui/rect": ["@radix-ui/rect@1.1.3", "", {}, "sha512-JtyZR+mqgBibTo8xea3B6ZRmzZiM/YeVBtUkas6zMuXjAlfIFIW2FgqeM9eLyvEaYX66vr6DJMK+4U6LV0KhNw=="],

    "@remix-run/route-pattern": ["@remix-run/route-pattern@0.22.1", "", {}, "sha512-czdGJWh09Lapvcqt7Vb09KlrU2PhRJ8xQaI+AItTuD9aDJ5MAgxnS38lnys6Ll+6RJEqPiaUqTwIQhVLwFvv+w=="],

    "@supabase/auth-js": ["@supabase/auth-js@2.117.3", "", { "dependencies": { "tslib": "2.8.1" } }, "sha512-XOZV+jllcU2Hzij8SwgM78zl0lOEr6BTjzi2MYkBb39nOAQzb5AelGpMUvVj7lwGSB11JmpAs/FEQroAyFzWEA=="],

    "@supabase/functions-js": ["@supabase/functions-js@2.117.3", "", { "dependencies": { "tslib": "2.8.1" } }, "sha512-6GuizbP4N5xWaxEVUsI+UQpJdmMmn0t3sYNpObo9gCAldvM22gFjnYzRVmkHxp5ylU21azEYmiWVwk9iDgCMkQ=="],

    "@supabase/phoenix": ["@supabase/phoenix@0.4.5", "", {}, "sha512-aAn9H9ovVyeApKy11OWOrrOGq8DV68yWeH4ud2lN9fzn4aO8Zb5GLL9m1pUg9nLqIcT+ZDfAcsZe0E/nqdv2lw=="],

    "@supabase/postgrest-js": ["@supabase/postgrest-js@2.117.3", "", { "dependencies": { "tslib": "2.8.1" } }, "sha512-NpyTgullu6tw11ojYKTdZg9HannZ4mu4FUlhc9V5zDXOVllUJzEmuyLM+WWoYF0BurfrRvarimpm3SR8P0Gzfw=="],

    "@supabase/realtime-js": ["@supabase/realtime-js@2.117.3", "", { "dependencies": { "@supabase/phoenix": "0.4.5", "tslib": "2.8.1" } }, "sha512-4W4ISbreRygNXbhwqxeqyuRul8RPx+SF+Hp2IT8wctebQEHSVCULfKatiRiEhmasfoXvYm2AHV4XFsOxhoousA=="],

    "@supabase/ssr": ["@supabase/ssr@0.12.7", "", { "dependencies": { "cookie": "^1.0.2" }, "peerDependencies": { "@supabase/supabase-js": "^2.114.0" } }, "sha512-wiBtEie1KkRJi9RrZWY3R2imRhX1JY7qMyUCH2z9AUk15gQebNEplM+urbCKamdxaTJLXUU6LlpkJsaxhojCEg=="],

    "@supabase/storage-js": ["@supabase/storage-js@2.117.3", "", { "dependencies": { "iceberg-js": "^0.8.1", "tslib": "2.8.1" } }, "sha512-QhUxFC33Crlw6WDeA4hLADdi1PzjI3c4UJs7ivWHHEnU7ulmCWEZSDaRCuIfmsjUwbHYaIfRNFQNsm+IsGYS6w=="],

    "@supabase/supabase-js": ["@supabase/supabase-js@2.117.3", "", { "dependencies": { "@supabase/auth-js": "2.117.3", "@supabase/functions-js": "2.117.3", "@supabase/postgrest-js": "2.117.3", "@supabase/realtime-js": "2.117.3", "@supabase/storage-js": "2.117.3" }, "peerDependencies": { "@opentelemetry/api": ">=1.0.0" }, "optionalPeers": ["@opentelemetry/api"] }, "sha512-K+f8PimXDunPWQ63CKRXaF5pbVPJxmfw5ryAnh0s9S9PkwcuqBjiSpIaqpF7KLDljeYwXIL85ST8QxaO0+XuvA=="],

    "@types/bun": ["@types/bun@1.4.2", "", { "dependencies": { "bun-types": "1.4.2" } }, "sha512-GimotNn7+ZV0uVArItBbriZsR1oNf0+WTzPkdcFrzShI7k2norL0uzEaJT8T33dWr7O/c9ZDuAFQrctKCi72oQ=="],

    "@types/node": ["@types/node@26.6.4", "", { "dependencies": { "undici-types": "~8.9.0" } }, "sha512-ldVPDCzj7fsaGZrLB0NuHuTvJcsNasysBAqMolr/cgxrLd1xbqxIr3XJiPnHHJUCxj5sNF1vnRj9aWnrVh5Jcg=="],

    "@types/react": ["@types/react@19.3.0", "", { "dependencies": { "csstype": "^3.2.2" } }, "sha512-N0rFCuH9YoxG9/m61l9MfpJKfmLOVU0em7ipIz6TRgSSkvReLB9vL85GB+yr8Bs5leqpvg96JSwF4ZS1s4viQg=="],

    "@types/react-dom": ["@types/react-dom@19.3.0", "", { "peerDependencies": { "@types/react": "^19.3.0" } }, "sha512-ZI7bU42mZXXKHn/qNLEw2IrbiINU7X5+vfgdixBHkCNpYWXjKgfQ/P+uyGb5CjOLB9UcnTeg3rylQtV2hym44Q=="],

    "aria-hidden": ["aria-hidden@1.2.6", "", { "dependencies": { "tslib": "^2.0.0" } }, "sha512-ik3ZgC9dY/lYVVM++OISsaYDeg1tb0VtP5uL3ouh1koGOaUMDPpbFIei4JkFimWUFPn90sbMNMXQAIVOlnYKJA=="],

    "bun": ["bun@1.4.2", "", { "optionalDependencies": { "@oven/bun-darwin-aarch64": "1.4.2", "@oven/bun-darwin-x64": "1.4.2", "@oven/bun-freebsd-aarch64": "1.4.2", "@oven/bun-freebsd-x64": "1.4.2", "@oven/bun-linux-aarch64": "1.4.2", "@oven/bun-linux-aarch64-android": "1.4.2", "@oven/bun-linux-aarch64-musl": "1.4.2", "@oven/bun-linux-x64": "1.4.2", "@oven/bun-linux-x64-android": "1.4.2", "@oven/bun-linux-x64-musl": "1.4.2", "@oven/bun-windows-aarch64": "1.4.2", "@oven/bun-windows-x64": "1.4.2" }, "os": [ "!aix", "!sunos", "!openbsd", ], "cpu": [ "x64", "arm64", ], "bin": { "bun": "bin/bun.exe", "bunx": "bin/bunx.exe" } }, "sha512-TrSXo6HJfIEaczpb3kjX82I2pL47vK1QUNmHRCUdz9IzaOwa9lzOXSWwu2l18YHE3sNfGRapVLd4nNm+22vVVA=="],

    "bun-plugin-tailwind": ["bun-plugin-tailwind@0.1.2", "", { "peerDependencies": { "bun": ">=1.0.0" } }, "sha512-41jNC1tZRSK3s1o7pTNrLuQG8kL/0vR/JgiTmZAJ1eHwe0w5j6HFPKeqEk0WAD13jfrUC7+ULuewFBBCoADPpg=="],

    "bun-types": ["bun-types@1.4.2", "", { "dependencies": { "@types/node": "*" } }, "sha512-bxV1FgK7yBIzjRe5zBozIM4Bem11ZJcCXSrjWRG3YWLt8yFDePu4cLjpebO8OvPeIE9trbyPF4fuj3Cia4Fj3w=="],

    "class-variance-authority": ["class-variance-authority@0.7.1", "", { "dependencies": { "clsx": "^2.1.1" } }, "sha512-Ka+9Trutv7G8M6WT6SeiRWz792K5qEqIGEGzXKhAE6xOWAY6pPH8U+9IY3oCMv6kqTmLsv7Xh/2w2RigkePMsg=="],

    "clsx": ["clsx@2.1.1", "", {}, "sha512-eYm0QWBtUrBWZWG0d386OGAw16Z995PiOVo2B7bjWSbHedGl5e0ZWaq65kOGgUSNesEIDkB9ISbTg/JK9dhCZA=="],

    "cookie": ["cookie@1.1.1", "", {}, "sha512-ei8Aos7ja0weRpFzJnEA9UHJ/7XQmqglbRwnf2ATjcB9Wq874VKH9kfjjirM6UhU2/E5fFYadylyhFldcqSidQ=="],

    "cookie-es": ["cookie-es@3.1.1", "", {}, "sha512-UaXxwISYJPTr9hwQxMFYZ7kNhSXboMXP+Z3TRX6f1/NyaGPfuNUZOWP1pUEb75B2HjfklIYLVRfWiFZJyC6Npg=="],

    "csstype": ["csstype@3.2.3", "", {}, "sha512-z1HGKcYy2xA8AGQfwrn0PAy+PB7X/GSj3UVJW9qKyn43xWa+gl5nXmU4qqLMRzWVLFC8KusUX8T/0kCiOYpAIQ=="],

    "detect-node-es": ["detect-node-es@1.1.0", "", {}, "sha512-ypdmJU/TbBby2Dxibuv7ZLW3Bs1QEmM7nHjEANfohJLvE0XVujisn1qPJcZxg+qDucsr+bP6fLD1rPS3AhJ7EQ=="],

    "dotenv": ["dotenv@18.0.6", "", { "bin": { "dotenv": "dist/index.cjs" } }, "sha512-ZMVmohV6CvAJtj++pZNyggluUt6hbRdQAxc2+Z635RL6/AG/ruXv5lHnybUFoxMPL/yrTL/tsF4paZu2l7RA6Q=="],

    "get-nonce": ["get-nonce@1.0.1", "", {}, "sha512-FJhYRoDaiatfEkUK8HKlicmu/3SGFD51q3itKDGoSTysQJBnfOcxU5GxnhE1E6soB76MbT0MBtnKJuXyAx+96Q=="],

    "iceberg-js": ["iceberg-js@0.8.1", "", {}, "sha512-1dhVQZXhcHje7798IVM+xoo/1ZdVfzOMIc8/rgVSijRK38EDqOJoGula9N/8ZI5RD8QTxNQtK/Gozpr+qUqRRA=="],

    "lucide-react": ["lucide-react@0.545.0", "", { "peerDependencies": { "react": "^16.5.1 || ^17.0.0 || ^18.0.0 || ^19.0.0" } }, "sha512-7r1/yUuflQDSt4f1bpn5ZAocyIxcTyVyBBChSVtBKn5M+392cPmI5YJMWOJKk/HUWGm5wg83chlAZtCcGbEZtw=="],

    "react": ["react@19.3.0", "", {}, "sha512-E8LUcbtBWt20bbl2YoHfx4ZDBdxVTfOKtCZn9cDSJ4l6/nuoApcpIBcj47t2wZoVX8g2ZHuMHbiShgCR1T5Sog=="],

    "react-dom": ["react-dom@19.3.0", "", { "dependencies": { "scheduler": "^0.28.0" }, "peerDependencies": { "react": "^19.3.0" } }, "sha512-JDk8dgif51OjFoDE70+OT9ICyYr+69HlmihNwp1+Nsfbna3t5sIiCa9ZJktDmQ4/1b/rn26hIAR2uYXDMr5r0Q=="],

    "react-remove-scroll": ["react-remove-scroll@2.7.2", "", { "dependencies": { "react-remove-scroll-bar": "^2.3.7", "react-style-singleton": "^2.2.3", "tslib": "^2.1.0", "use-callback-ref": "^1.3.3", "use-sidecar": "^1.1.3" }, "peerDependencies": { "@types/react": "*", "react": "^16.8.0 || ^17.0.0 || ^18.0.0 || ^19.0.0 || ^19.0.0-rc" }, "optionalPeers": ["@types/react"] }, "sha512-Iqb9NjCCTt6Hf+vOdNIZGdTiH1QSqr27H/Ek9sv/a97gfueI/5h1s3yRi1nngzMUaOOToin5dI1dXKdXiF+u0Q=="],

    "react-remove-scroll-bar": ["react-remove-scroll-bar@2.3.8", "", { "dependencies": { "react-style-singleton": "^2.2.2", "tslib": "^2.0.0" }, "peerDependencies": { "@types/react": "*", "react": "^16.8.0 || ^17.0.0 || ^18.0.0 || ^19.0.0" }, "optionalPeers": ["@types/react"] }, "sha512-9r+yi9+mgU33AKcj6IbT9oRCO78WriSj6t/cF8DWBZJ9aOGPOTEDvdUDz1FwKim7QXWwmHqtdHnRJfhAxEG46Q=="],

    "react-router": ["react-router@8.4.0", "", { "dependencies": { "@remix-run/route-pattern": "^0.22.1", "cookie-es": "^3.1.1" }, "peerDependencies": { "react": ">=19.2.7", "react-dom": ">=19.2.7" }, "optionalPeers": ["react-dom"] }, "sha512-JtydAkBvU9UTEe5qNC+POhu+ZBNM7rlKY2IegwXc7Idj7xfRG16x5RZrw3mju+XlqBxfvb2ky9P3jUp9WyWC1g=="],

    "react-style-singleton": ["react-style-singleton@2.2.3", "", { "dependencies": { "get-nonce": "^1.0.0", "tslib": "^2.0.0" }, "peerDependencies": { "@types/react": "*", "react": "^16.8.0 || ^17.0.0 || ^18.0.0 || ^19.0.0 || ^19.0.0-rc" }, "optionalPeers": ["@types/react"] }, "sha512-b6jSvxvVnyptAiLjbkWLE/lOnR4lfTtDAl+eUC7RZy+QQWc6wRzIV2CE6xBuMmDxc2qIihtDCZD5NPOFl7fRBQ=="],

    "scheduler": ["scheduler@0.28.0", "", {}, "sha512-juorfCmIkIw8tT+p5BXSm6PJjQF/ycEYmKyzURCIt/RaZIhL+PulbQ9Yu2z1HdOJDdqDTlxA1+xKBmHXJsczAw=="],

    "tailwind-merge": ["tailwind-merge@3.7.0", "", {}, "sha512-XPPUyAc+cvspz3lHTcR/QgPfW2A0lv/xQNIjX3HGhLR+Nq2lHaLq5MtTesHn8GUr3W3DguT2KT5x3NVgRtYwmA=="],

    "tailwindcss": ["tailwindcss@4.3.3", "", {}, "sha512-gOhV3P7ufE62QDGg1zVaTgCR+EtPv92k2nIhVcVKcLmxT1sUBsQGhnZj175j+MqRt4zLF7ic+sCYjfhxMxj7YQ=="],

    "tslib": ["tslib@2.8.1", "", {}, "sha512-oJFu94HQb+KVduSUQL7wnpmqnfmLsOA/nAh6b6EH0wCEoK0/mPeXU6c3wKDV83MkOuHPRHtSXKKU99IBazS/2w=="],

    "tw-animate-css": ["tw-animate-css@1.4.0", "", {}, "sha512-7bziOlRqH0hJx80h/3mbicLW7o8qLsH5+RaLR2t+OHM3D0JlWGODQKQ4cxbK7WlvmUxpcj6Kgu6EKqjrGFe3QQ=="],

    "undici-types": ["undici-types@8.9.0", "", {}, "sha512-KTDyRTYX8sWmKXAikPHHSyc63CRPETMctyjKFupcC6OBLXT3xsN0e9aF7m+mIXutFWpUXuedtowG7iLOzp0kQg=="],

    "use-callback-ref": ["use-callback-ref@1.3.3", "", { "dependencies": { "tslib": "^2.0.0" }, "peerDependencies": { "@types/react": "*", "react": "^16.8.0 || ^17.0.0 || ^18.0.0 || ^19.0.0 || ^19.0.0-rc" }, "optionalPeers": ["@types/react"] }, "sha512-jQL3lRnocaFtu3V00JToYz/4QkNWswxijDaCVNZRiRTO3HQDLsdu1ZtmIUvV4yPp+rvWm5j0y0TG/S61cuijTg=="],

    "use-sidecar": ["use-sidecar@1.1.3", "", { "dependencies": { "detect-node-es": "^1.1.0", "tslib": "^2.0.0" }, "peerDependencies": { "@types/react": "*", "react": "^16.8.0 || ^17.0.0 || ^18.0.0 || ^19.0.0 || ^19.0.0-rc" }, "optionalPeers": ["@types/react"] }, "sha512-Fedw0aZvkhynoPYlA5WXrMCAMm+nSWdZt6lzJQ7Ok8S6Q+VsHmHpRWndVRJ8Be0ZbkfPc5LRYH+5XrzXcEeLRQ=="],
  }
}
